PATH
  remote: .
  specs:
    event_bus (1.0.0)

GEM
  remote: https://rubygems.org/
  specs:
    diff-lcs (1.2.4)
    json (1.8.0)
    rake (10.0.4)
    rspec (2.13.0)
      rspec-core (~> 2.13.0)
      rspec-expectations (~> 2.13.0)
      rspec-mocks (~> 2.13.0)
    rspec-core (2.13.1)
    rspec-expectations (2.13.0)
      diff-lcs (>= 1.1.3, < 2.0)
    rspec-given (2.4.1)
      rspec (>= 2.11)
      sorcerer (>= 0.3.7)
    rspec-mocks (2.13.1)
    rspec-spies (2.1.4)
      rspec (~> 2.0)
    sorcerer (0.3.10)

PLATFORMS
  ruby

DEPENDENCIES
  event_bus!
  json
  rake (~> 10.0.1)
  rspec (~> 2.12)
  rspec-given
  rspec-spies
